
Microsoft Visual Studio Solution File, Format Version 12.00
# Visual Studio Version 16
VisualStudioVersion = 16.0.31105.61
MinimumVisualStudioVersion = 10.0.40219.1
Project("{2150E333-8FDC-42A3-9474-1A3956D46DE8}") = "BasketService", "BasketService", "{B996E543-F1FF-4EF1-A293-CCDA0D77E105}"
EndProject
Project("{2150E333-8FDC-42A3-9474-1A3956D46DE8}") = "Tests", "Tests", "{40C50088-1723-4CE3-A1F1-888113FE3606}"
EndProject
Project("{FAE04EC0-301F-11D3-BF4B-00C04F79EFBC}") = "NF.BasketService.Business", "src\BasketService\NF.BasketService.Business\NF.BasketService.Business.csproj", "{6434A64A-E13B-4C90-9FDB-0A817072E4E9}"
EndProject
Global
	GlobalSection(SolutionConfigurationPlatforms) = preSolution
		Debug|Any CPU = Debug|Any CPU
		Release|Any CPU = Release|Any CPU
	EndGlobalSection
	GlobalSection(ProjectConfigurationPlatforms) = postSolution
		{6434A64A-E13B-4C90-9FDB-0A817072E4E9}.Debug|Any CPU.ActiveCfg = Debug|Any CPU
		{6434A64A-E13B-4C90-9FDB-0A817072E4E9}.Debug|Any CPU.Build.0 = Debug|Any CPU
		{6434A64A-E13B-4C90-9FDB-0A817072E4E9}.Release|Any CPU.ActiveCfg = Release|Any CPU
		{6434A64A-E13B-4C90-9FDB-0A817072E4E9}.Release|Any CPU.Build.0 = Release|Any CPU
	EndGlobalSection
	GlobalSection(SolutionProperties) = preSolution
		HideSolutionNode = FALSE
	EndGlobalSection
	GlobalSection(NestedProjects) = preSolution
		{6434A64A-E13B-4C90-9FDB-0A817072E4E9} = {B996E543-F1FF-4EF1-A293-CCDA0D77E105}
	EndGlobalSection
	GlobalSection(ExtensibilityGlobals) = postSolution
		SolutionGuid = {14EFCDBA-F75C-4026-9DED-E17263886847}
	EndGlobalSection
EndGlobal
